github.com/BurntSushi/toml v1.6.0 h1:dRaEfpa2VI55EwlIW72hMRHdWouJeRF7TPYhI+AUQjk=
github.com/BurntSushi/toml v1.6.0/go.mod h1:ukJfTF/6rtPPRCnwkur4qwRxa8vTRFBF0uk2lLoLwho=
github.com/aws/aws-sdk-go-v2 v1.41.11 h1:9PRf7jyTMEUM6fuNRAJa2mO/skJfrF50rENJwf2LXqw=
github.com/aws/aws-sdk-go-v2 v1.41.11/go.mod h1:iiUX27gOXRuYaoeUVXhUpPwjJHzISfPAjjcuhUbLSVs=
github.com/aws/aws-sdk-go-v2/aws/protocol/eventstream v1.7.12 h1:oRtsqWgxbpeXrOlxOoQStx2M9WNbIkPq4C4Xn1or6bc=
github.com/aws/aws-sdk-go-v2/aws/protocol/eventstream v1.7.12/go.mod h1:Zg0Oe9qT+9wcezlm1a64wGJp2qZdRElVxo/seJf7jYU=
github.com/aws/aws-sdk-go-v2/config v1.32.22 h1:Vfvp7+fYKsVCADcWOEllqEV47aIBXhNchvyDFu1B5fY=
github.com/aws/aws-sdk-go-v2/config v1.32.22/go.mod h1:0+H+0nPKbvWltf5vSIGkApv+hGbaQ4FfwTjGIYQREcw=
github.com/aws/aws-sdk-go-v2/credentials v1.19.21 h1:0+HscFXtNa4+3buV4IlG6v5lnOdzi5TrpicFGjKHgh4=
github.com/aws/aws-sdk-go-v2/credentials v1.19.21/go.mod h1:UE8+9t5zudFwu5k5ShC1PKArVEdOkQQdCXIHQAVNUcU=
github.com/aws/aws-sdk-go-v2/feature/ec2/imds v1.18.27 h1:BEfN1sjtiKEdikRDxYkjZNE4tyvw/YbGWCbl3xDZgRw=
github.com/aws/aws-sdk-go-v2/feature/ec2/imds v1.18.27/go.mod h1:ISGSFNbOHRS+JV/17yStzRTPBUHHqF92kCpRLLyH3Nk=
github.com/aws/aws-sdk-go-v2/internal/configsources v1.4.27 h1:8sPbKi1/KRHwl5oR3qN9mUXestCeHuaRutxylnr/eVY=
github.com/aws/aws-sdk-go-v2/internal/configsources v1.4.27/go.mod h1:QV9IVIopJ1dpQUno0f9VYDUwOEjj8u0iEJ4JiZVre3Y=
github.com/aws/aws-sdk-go-v2/internal/endpoints/v2 v2.7.27 h1:9d8AoASQY9UwrOSmiJ7uSM0MGUPFhnenwSvpaFfat2c=
github.com/aws/aws-sdk-go-v2/internal/endpoints/v2 v2.7.27/go.mod h1:x0rldpsnUQaQIs4Rh+Vwm9Z/0vI6BxadGtsgJfZFb8s=
github.com/aws/aws-sdk-go-v2/internal/v4a v1.4.28 h1:eaS9vwQ5ym4Y9S6+G/K3d3lgZhxs9Sldcn/YS7cmdKY=
github.com/aws/aws-sdk-go-v2/internal/v4a v1.4.28/go.mod h1:oTdbDr+BMs7gAYrNpD0LDTyqQfv6yOYgTDv46+xbwFY=
github.com/aws/aws-sdk-go-v2/service/internal/accept-encoding v1.13.11 h1:rFSsqDfCMPAmG70JOsYqFZCHXkyatoGa1K4YEt/BggQ=
github.com/aws/aws-sdk-go-v2/service/internal/accept-encoding v1.13.11/go.mod h1:XG68qW+YLLFH0vnSDCou43Cgj5TeAG83O5NRSJgt04Y=
github.com/aws/aws-sdk-go-v2/service/internal/checksum v1.9.20 h1:yt2fjgev3Hqm33zPw0ZWtki3sZ0SLcr+PkuvXDAAf/8=
github.com/aws/aws-sdk-go-v2/service/internal/checksum v1.9.20/go.mod h1:wnPjCjPJ6x5GBhrER8f0QakaQ2LokfhCVYxmAZBpPjY=
github.com/aws/aws-sdk-go-v2/service/internal/presigned-url v1.13.27 h1:2/pUo42hhVmQcM21ttZoBOLHQymyUH8qEnZGTIuGBT8=
github.com/aws/aws-sdk-go-v2/service/internal/presigned-url v1.13.27/go.mod h1:p7hwgbwompjCRNTdB3ytlldddNt1rDBgVVMqWEVG1II=
github.com/aws/aws-sdk-go-v2/service/internal/s3shared v1.19.27 h1:JEXSW4wztrl1MoL5EMvJMO7lc/TRZloztrJKNl96SW8=
github.com/aws/aws-sdk-go-v2/service/internal/s3shared v1.19.27/go.mod h1:8eL+YgEqy6IYqjwW6PG0Ubn59a2xtCzbz7Pi18JBu04=
github.com/aws/aws-sdk-go-v2/service/s3 v1.103.1 h1:WkX5IXwcxgO/WPTvhEqoSW2L1GB1OyIxk0vuzzdTftc=
github.com/aws/aws-sdk-go-v2/service/s3 v1.103.1/go.mod h1:9Q9ZHyiTItraw8BXpO48pk398Mou0YCSI+xvFcaGgxU=
github.com/aws/aws-sdk-go-v2/service/signin v1.1.3 h1:t6U7sowMfOjTeZXtDOtgEJXsoJyX4MDag+sfWGwUM9M=
github.com/aws/aws-sdk-go-v2/service/signin v1.1.3/go.mod h1:WhO1EH3phjFWValQDsExaxncgEWJsHeoTvuyQAj3jwU=
github.com/aws/aws-sdk-go-v2/service/sso v1.31.1 h1:TUV8oytPCX1PfVgZn0N8/sPZx7T0YasaMCBHox1erlw=
github.com/aws/aws-sdk-go-v2/service/sso v1.31.1/go.mod h1:tEL1hqCrkgwrDVL04HuLxz1SLUXdh+4kKhWv1pXKeiY=
github.com/aws/aws-sdk-go-v2/service/ssooidc v1.36.4 h1:p9+Fizo2sUB6wI5Yb3K5lmykQAGs5JrKLBV/me6613Y=
github.com/aws/aws-sdk-go-v2/service/ssooidc v1.36.4/go.mod h1:0x10Wy0dVS4Gn552xhHY5th2QdYpfJf44EsfyYGV194=
github.com/aws/aws-sdk-go-v2/service/sts v1.43.1 h1:r/vUkpLilfCA3sxbRnkHbJejaoVHEdj4FEhv+Zva4DU=
github.com/aws/aws-sdk-go-v2/service/sts v1.43.1/go.mod h1:t01JURC8Fe5M+7R1K0vzIZ2NT04HqvZR+FjlHrHDT2A=
github.com/aws/smithy-go v1.27.0 h1:ZoFioDKJxkSIW2otF9T0aPtNlUwhdVCcuZh/rzH9Hus=
github.com/aws/smithy-go v1.27.0/go.mod h1:YE2RhdIuDbA5E5bTdciG9KrW3+TiEONeUWCqxX9i1Fc=
github.com/bmatcuk/doublestar/v4 v4.0.2 h1:X0krlUVAVmtr2cRoTqR8aDMrDqnB36ht8wpWTiQ3jsA=
github.com/bmatcuk/doublestar/v4 v4.0.2/go.mod h1:xBQ8jztBU6kakFMg+8WGxn0c6z1fTSPVIjEY1Wr7jzc=
github.com/cespare/xxhash/v2 v2.3.0 h1:UL815xU9SqsFlibzuggzjXhog7bL6oX9BbNZnL2UFvs=
github.com/cespare/xxhash/v2 v2.3.0/go.mod h1:VGX0DQ3Q6kWi7AoAeZDth3/j3BFtOZR5XLFGgcrjCOs=
github.com/clipperhouse/uax29/v2 v2.7.0 h1:+gs4oBZ2gPfVrKPthwbMzWZDaAFPGYK72F0NJv2v7Vk=
github.com/clipperhouse/uax29/v2 v2.7.0/go.mod h1:EFJ2TJMRUaplDxHKj1qAEhCtQPW2tJSwu5BF98AuoVM=
github.com/cockroachdb/crlfmt v0.4.0 h1:8KMp0zE54aDoUKg37JEhBueymXVeIWBWNFdK+5VATWY=
github.com/cockroachdb/crlfmt v0.4.0/go.mod h1:SFo0GOnzviaana5OLUxLB454Bf5gyXwlRc+zabXYXyk=
github.com/cockroachdb/errors v1.13.0 h1:BoCcJeiP9hpBJDETkX19qi8Tb8So37srSsp3stTaDMQ=
github.com/cockroachdb/errors v1.13.0/go.mod h1:bjxt/4E5+OyuAnacpTIU9rn2mzPu1VlthvHP+xpROq0=
github.com/cockroachdb/field-eng-powertools v0.2.0 h1:9S+2hQXexZg24PP3Und9SRUWZUcojFeO5eerkNy/TWk=
github.com/cockroachdb/field-eng-powertools v0.2.0/go.mod h1:+EhiP+YyVFPWlDKf+NaMfeDVOUBbFX6T0dk2VohoHHQ=
github.com/cockroachdb/gostdlib v1.19.0 h1:cSISxkVnTlWhTkyple/T6NXzOi5659FkhxvUgZv+Eb0=
github.com/cockroachdb/gostdlib v1.19.0/go.mod h1:+dqqpARXbE/gRDEhCak6dm0l14AaTymPZUKMfURjBtY=
github.com/cockroachdb/logtags v0.0.0-20230118201751-21c54148d20b h1:r6VH0faHjZeQy818SGhaone5OnYfxFR/+AzdY3sf5aE=
github.com/cockroachdb/logtags v0.0.0-20230118201751-21c54148d20b/go.mod h1:Vz9DsVWQQhf3vs21MhPMZpMGSht7O/2vFW2xusFUVOs=
github.com/cockroachdb/redact v1.1.5 h1:u1PMllDkdFfPWaNGMyLD1+so+aq3uUItthCFqzwPJ30=
github.com/cockroachdb/redact v1.1.5/go.mod h1:BVNblN9mBWFyMyqK1k3AAiSxhvhfK2oOZZ2lK+dpvRg=
github.com/cpuguy83/go-md2man/v2 v2.0.6/go.mod h1:oOW0eioCTA6cOiMLiUPZOpcVxMig6NIQQ7OS05n1F4g=
github.com/creack/pty v1.1.9/go.mod h1:oKZEueFk5CKHvIhNR5MUki03XCEU+Q6VDXinZuGJ33E=
github.com/davecgh/go-spew v1.1.0/go.mod h1:J7Y8YcW2NihsgmVo/mv3lAwl/skON4iLHjSsI+c5H38=
github.com/davecgh/go-spew v1.1.1 h1:vj9j/u1bqnvCEfJOwUhtlOARqs3+rkHYY13jYWTU97c=
github.com/davecgh/go-spew v1.1.1/go.mod h1:J7Y8YcW2NihsgmVo/mv3lAwl/skON4iLHjSsI+c5H38=
github.com/dustin/go-humanize v1.0.1 h1:GzkhY7T5VNhEkwH0PVJgjz+fX1rhBrR7pRT3mDkpeCY=
github.com/dustin/go-humanize v1.0.1/go.mod h1:Mu1zIs6XwVuF/gI1OepvI0qD18qycQx+mFykh5fBlto=
github.com/getsentry/sentry-go v0.46.0 h1:mbdDaarbUdOt9X+dx6kDdntkShLEX3/+KyOsVDTPDj0=
github.com/getsentry/sentry-go v0.46.0/go.mod h1:evVbw2qotNUdYG8KxXbAdjOQWWvWIwKxpjdZZIvcIPw=
github.com/go-errors/errors v1.4.2 h1:J6MZopCL4uSllY1OfXM374weqZFFItUbrImctkmUxIA=
github.com/go-errors/errors v1.4.2/go.mod h1:sIVyrIiJhuEF+Pj9Ebtd6P/rEYROXFi3BopGUQ5a5Og=
github.com/gogo/protobuf v1.3.2 h1:Ov1cvc58UF3b5XjBnZv7+opcTcQFZebYjWzi34vdm4Q=
github.com/gogo/protobuf v1.3.2/go.mod h1:P1XiOD3dCwIKUDQYPy72D8LYyHL2YPYrpS2s69NZV8Q=
github.com/google/addlicense v1.2.0 h1:W+DP4A639JGkcwBGMDvjSurZHvaq2FN0pP7se9czsKA=
github.com/google/addlicense v1.2.0/go.mod h1:Sm/DHu7Jk+T5miFHHehdIjbi4M5+dJDRS3Cq0rncIxA=
github.com/google/go-cmp v0.7.0 h1:wk8382ETsv4JYUZwIsn6YpYiWiBsYLSJiTsyBybVuN8=
github.com/google/go-cmp v0.7.0/go.mod h1:pXiqmnSA92OHEEa9HXL2W4E7lf9JzCmGVUdgjX3N/iU=
github.com/google/uuid v1.6.0 h1:NIvaJDMOsjHA8n1jAhLSgzrAzy1Hgr+hNrb57e+94F0=
github.com/google/uuid v1.6.0/go.mod h1:TIyPZe4MgqvfeYDBFedMoGGpEw/LqOeaOT+nhxU+yHo=
github.com/inconshreveable/mousetrap v1.1.0 h1:wN+x4NVGpMsO7ErUn/mUI3vEoE6Jt13X2s0bqwp9tc8=
github.com/inconshreveable/mousetrap v1.1.0/go.mod h1:vpF70FUmC8bwa3OWnCshd2FqLfsEA9PFc4w1p2J65bw=
github.com/jackc/pgpassfile v1.0.0 h1:/6Hmqy13Ss2zCq62VdNG8tM1wchn8zjSGOBJ6icpsIM=
github.com/jackc/pgpassfile v1.0.0/go.mod h1:CEx0iS5ambNFdcRtxPj5JhEz+xB6uRky5eyVu/W2HEg=
github.com/jackc/pgservicefile v0.0.0-20240606120523-5a60cdf6a761 h1:iCEnooe7UlwOQYpKFhBabPMi4aNAfoODPEFNiAnClxo=
github.com/jackc/pgservicefile v0.0.0-20240606120523-5a60cdf6a761/go.mod h1:5TJZWKEWniPve33vlWYSoGYefn3gLQRzjfDlhSJ9ZKM=
github.com/jackc/pgx/v5 v5.10.0 h1:VhSvgU2jSli8o3AqIEOTJr7rZwAEUVo4E4XhR94Zfr0=
github.com/jackc/pgx/v5 v5.10.0/go.mod h1:mal1tBGAFfLHvZzaYh77YS/eC6IX9OWbRV1QIIM0Jn4=
github.com/jackc/puddle/v2 v2.2.2 h1:PR8nw+E/1w0GLuRFSmiioY6UooMp6KJv0/61nB7icHo=
github.com/jackc/puddle/v2 v2.2.2/go.mod h1:vriiEXHvEE654aYKXXjOvZM39qJ0q+azkZFrfEOc3H4=
github.com/jedib0t/go-pretty/v6 v6.8.0 h1:fQOTjATVQl5RhssBro6ZuHANFybCkmJ7FjYPo4b7sEY=
github.com/jedib0t/go-pretty/v6 v6.8.0/go.mod h1:YwC5CE4fJ1HFUDeivSV1r//AmANFHyqczZk+U6BDALU=
github.com/kisielk/errcheck v1.5.0/go.mod h1:pFxgyoBC7bSaBwPgfKdkLd5X25qrDl4LWUI2bnpBCr8=
github.com/kisielk/gotool v1.0.0/go.mod h1:XhKaO+MFFWcvkIS/tQcRk01m1F5IRFswLeQ+oQHNcck=
github.com/klauspost/compress v1.18.6 h1:2jupLlAwFm95+YDR+NwD2MEfFO9d4z4Prjl1XXDjuao=
github.com/klauspost/compress v1.18.6/go.mod h1:cwPg85FWrGar70rWktvGQj8/hthj3wpl0PGDogxkrSQ=
github.com/klauspost/cpuid/v2 v2.0.1/go.mod h1:FInQzS24/EEf25PyTYn52gqo7WaD8xa0213Md/qVLRg=
github.com/klauspost/cpuid/v2 v2.2.11 h1:0OwqZRYI2rFrjS4kvkDnqJkKHdHaRnCm68/DY4OxRzU=
github.com/klauspost/cpuid/v2 v2.2.11/go.mod h1:hqwkgyIinND0mEev00jJYCxPNVRVXFQeu1XKlok6oO0=
github.com/klauspost/crc32 v1.3.0 h1:sSmTt3gUt81RP655XGZPElI0PelVTZ6YwCRnPSupoFM=
github.com/klauspost/crc32 v1.3.0/go.mod h1:D7kQaZhnkX/Y0tstFGf8VUzv2UofNGqCjnC3zdHB0Hw=
github.com/kr/pretty v0.3.1 h1:flRD4NNwYAUpkphVc1HcthR4KEIFJ65n8Mw5qdRn3LE=
github.com/kr/pretty v0.3.1/go.mod h1:hoEshYVHaxMs3cyo3Yncou5ZscifuDolrwPKZanG3xk=
github.com/kr/text v0.2.0 h1:5Nx0Ya0ZqY2ygV366QzturHI13Jq95ApcVaJBhpS+AY=
github.com/kr/text v0.2.0/go.mod h1:eLer722TekiGuMkidMxC/pM04lWEeraHUUmBw8l2grE=
github.com/mattn/go-runewidth v0.0.23 h1:7ykA0T0jkPpzSvMS5i9uoNn2Xy3R383f9HDx3RybWcw=
github.com/mattn/go-runewidth v0.0.23/go.mod h1:XBkDxAl56ILZc9knddidhrOlY5R/pDhgLpndooCuJAs=
github.com/minio/crc64nvme v1.1.1 h1:8dwx/Pz49suywbO+auHCBpCtlW1OfpcLN7wYgVR6wAI=
github.com/minio/crc64nvme v1.1.1/go.mod h1:eVfm2fAzLlxMdUGc0EEBGSMmPwmXD5XiNRpnu9J3bvg=
github.com/minio/md5-simd v1.1.2 h1:Gdi1DZK69+ZVMoNHRXJyNcxrMA4dSxoYHZSQbirFg34=
github.com/minio/md5-simd v1.1.2/go.mod h1:MzdKDxYpY2BT9XQFocsiZf/NKVtR7nkE4RoEpN+20RM=
github.com/minio/minio-go/v7 v7.2.0 h1:RCJM0R1XOsRs+A3x3UCaf3ZYbByDaLjFeAi+YCQEPhs=
github.com/minio/minio-go/v7 v7.2.0/go.mod h1:EU9hENAStx/xXduNdrGO5e4X5vk19NtgB+RIPjZO8o0=
github.com/philhofer/fwd v1.2.0 h1:e6DnBTl7vGY+Gz322/ASL4Gyp1FspeMvx1RNDoToZuM=
github.com/philhofer/fwd v1.2.0/go.mod h1:RqIHx9QI14HlwKwm98g9Re5prTQ6LdeRQn+gXJFxsJM=
github.com/pingcap/errors v0.11.4 h1:lFuQV/oaUMGcD2tqt+01ROSmJs75VG1ToEOkZIZ4nE4=
github.com/pingcap/errors v0.11.4/go.mod h1:Oi8TUi2kEtXXLMJk9l1cGmz20kV3TaQ0usTwv5KuLY8=
github.com/pkg/diff v0.0.0-20210226163009-20ebb0f2a09e/go.mod h1:pJLUxLENpZxwdsKMEsNbx1VGcRFpLqf3715MtcvvzbA=
github.com/pkg/errors v0.9.1 h1:FEBLx1zS214owpjy7qsBeixbURkuhQAwrK5UwLGTwt4=
github.com/pkg/errors v0.9.1/go.mod h1:bwawxfHBFNV+L2hUp1rHADufV3IMtnDRdf1r5NINEl0=
github.com/pmezard/go-difflib v1.0.0 h1:4DBwDE0NGyQoBHbLQYPwSUPoCMWR5BEzIk/f1lZbAQM=
github.com/pmezard/go-difflib v1.0.0/go.mod h1:iKH77koFhYxTK1pcRnkKkqfTogsbg7gZNVY4sRDYZ/4=
github.com/rogpeppe/go-internal v1.9.0/go.mod h1:WtVeX8xhTBvf0smdhujwtBcq4Qrzq/fJaraNFVN+nFs=
github.com/rogpeppe/go-internal v1.14.1 h1:UQB4HGPB6osV0SQTLymcB4TgvyWu6ZyliaW0tI/otEQ=
github.com/rogpeppe/go-internal v1.14.1/go.mod h1:MaRKkUm5W0goXpeCfT7UZI6fk/L7L7so1lCWt35ZSgc=
github.com/rs/xid v1.6.0 h1:fV591PaemRlL6JfRxGDEPl69wICngIQ3shQtzfy2gxU=
github.com/rs/xid v1.6.0/go.mod h1:7XoLgs4eV+QndskICGsho+ADou8ySMSjJKDIan90Nz0=
github.com/russross/blackfriday/v2 v2.1.0/go.mod h1:+Rmxgy9KzJVeS9/2gXHxylqXiyQDYRxCVz55jmeOWTM=
github.com/spf13/cobra v1.10.2 h1:DMTTonx5m65Ic0GOoRY2c16WCbHxOOw6xxezuLaBpcU=
github.com/spf13/cobra v1.10.2/go.mod h1:7C1pvHqHw5A4vrJfjNwvOdzYu0Gml16OCs2GRiTUUS4=
github.com/spf13/pflag v1.0.9/go.mod h1:McXfInJRrz4CZXVZOBLb0bTZqETkiAhM9Iw0y3An2Bg=
github.com/spf13/pflag v1.0.10 h1:4EBh2KAYBwaONj6b2Ye1GiHfwjqyROoF4RwYO+vPwFk=
github.com/spf13/pflag v1.0.10/go.mod h1:McXfInJRrz4CZXVZOBLb0bTZqETkiAhM9Iw0y3An2Bg=
github.com/stretchr/objx v0.1.0/go.mod h1:HFkY916IF+rwdDfMAkV7OtwuqBVzrE8GR6GFx+wExME=
github.com/stretchr/objx v0.4.0/go.mod h1:YvHI0jy2hoMjB+UWwv71VJQ9isScKT/TqJzVSSt89Yw=
github.com/stretchr/objx v0.5.0/go.mod h1:Yh+to48EsGEfYuaHDzXPcE3xhTkx73EhmCGUpEOglKo=
github.com/stretchr/objx v0.5.2/go.mod h1:FRsXN1f5AsAjCGJKqEizvkpNtU+EGNCLh3NxZ/8L+MA=
github.com/stretchr/testify v1.3.0/go.mod h1:M5WIy9Dh21IEIfnGCwXGc5bZfKNJtfHm1UVUgZn+9EI=
github.com/stretchr/testify v1.7.0/go.mod h1:6Fq8oRcR53rry900zMqJjRRixrwX3KX962/h/Wwjteg=
github.com/stretchr/testify v1.7.1/go.mod h1:6Fq8oRcR53rry900zMqJjRRixrwX3KX962/h/Wwjteg=
github.com/stretchr/testify v1.8.0/go.mod h1:yNjHg4UonilssWZ8iaSj1OCr/vHnekPRkoO+kdMU+MU=
github.com/stretchr/testify v1.8.4/go.mod h1:sz/lmYIOXD/1dqDmKjjqLyZ2RngseejIcXlSw2iwfAo=
github.com/stretchr/testify v1.11.1 h1:7s2iGBzp5EwR7/aIZr8ao5+dra3wiQyKjjFuvgVKu7U=
github.com/stretchr/testify v1.11.1/go.mod h1:wZwfW3scLgRK+23gO65QZefKpKQRnfz6sD981Nm4B6U=
github.com/tinylib/msgp v1.6.1 h1:ESRv8eL3u+DNHUoSAAQRE50Hm162zqAnBoGv9PzScPY=
github.com/tinylib/msgp v1.6.1/go.mod h1:RSp0LW9oSxFut3KzESt5Voq4GVWyS+PSulT77roAqEA=
github.com/yuin/goldmark v1.1.27/go.mod h1:3hX8gzYuyVAZsxl0MRgGTJEmQBFcNTphYh9decYSb74=
github.com/yuin/goldmark v1.2.1/go.mod h1:3hX8gzYuyVAZsxl0MRgGTJEmQBFcNTphYh9decYSb74=
github.com/zeebo/assert v1.3.0 h1:g7C04CbJuIDKNPFHmsk4hwZDO5O+kntRxzaUoNXj+IQ=
github.com/zeebo/assert v1.3.0/go.mod h1:Pq9JiuJQpG8JLJdtkwrJESF0Foym2/D9XMU5ciN/wJ0=
github.com/zeebo/xxh3 v1.1.0 h1:s7DLGDK45Dyfg7++yxI0khrfwq9661w9EN78eP/UZVs=
github.com/zeebo/xxh3 v1.1.0/go.mod h1:IisAie1LELR4xhVinxWS5+zf1lA4p0MW4T+w+W07F5s=
go.uber.org/goleak v1.3.0 h1:2K3zAYmnTNqV73imy9J1T3WC+gmCePx2hEGkimedGto=
go.uber.org/goleak v1.3.0/go.mod h1:CoHD4mav9JJNrW/WLlf7HGZPjdw8EucARQHekz1X6bE=
go.yaml.in/yaml/v3 v3.0.4 h1:tfq32ie2Jv2UxXFdLJdh3jXuOzWiL1fo0bu/FbuKpbc=
go.yaml.in/yaml/v3 v3.0.4/go.mod h1:DhzuOOF2ATzADvBadXxruRBLzYTpT36CKvDb3+aBEFg=
golang.org/x/crypto v0.0.0-20190308221718-c2843e01d9a2/go.mod h1:djNgcEr1/C05ACkg1iLfiJU5Ep61QUkGW8qpdssI0+w=
golang.org/x/crypto v0.0.0-20191011191535-87dc89f01550/go.mod h1:yigFU9vqHzYiE8UmvKecakEJjdnWj3jj499lnFckfCI=
golang.org/x/crypto v0.0.0-20200622213623-75b288015ac9/go.mod h1:LzIPMQfyMNhhGPhUkYOs5KpL4U8rLKemX1yGLhDgUto=
golang.org/x/crypto v0.52.0 h1:RMs7fP2rXdep0CftQlK8Uf+kibLm7qkCcradZWYz988=
golang.org/x/crypto v0.52.0/go.mod h1:1QgfPxDqh0T2M/elOJtp9RvuR95kVjir0e6/BvEmGbc=
golang.org/x/exp/typeparams v0.0.0-20260209203927-2842357ff358 h1:qWFG1Dj7TBjOjOvhEOkmyGPVoquqUKnIU0lEVLp8xyk=
golang.org/x/exp/typeparams v0.0.0-20260209203927-2842357ff358/go.mod h1:4Mzdyp/6jzw9auFDJ3OMF5qksa7UvPnzKqTVGcb04ms=
golang.org/x/lint v0.0.0-20241112194109-818c5a804067 h1:adDmSQyFTCiv19j015EGKJBoaa7ElV0Q1Wovb/4G7NA=
golang.org/x/lint v0.0.0-20241112194109-818c5a804067/go.mod h1:3xt1FjdF8hUf6vQPIChWIBhFzV8gjjsPE/fR3IyQdNY=
golang.org/x/mod v0.1.1-0.20191105210325-c90efee705ee/go.mod h1:QqPTAvyqsEbceGzBzNggFXnrqF1CaUcvgkdR5Ot7KZg=
golang.org/x/mod v0.2.0/go.mod h1:s0Qsj1ACt9ePp/hMypM3fl4fZqREWJwdYDEqhRiZZUA=
golang.org/x/mod v0.3.0/go.mod h1:s0Qsj1ACt9ePp/hMypM3fl4fZqREWJwdYDEqhRiZZUA=
golang.org/x/mod v0.35.0 h1:Ww1D637e6Pg+Zb2KrWfHQUnH2dQRLBQyAtpr/haaJeM=
golang.org/x/mod v0.35.0/go.mod h1:+GwiRhIInF8wPm+4AoT6L0FA1QWAad3OMdTRx4tFYlU=
golang.org/x/net v0.0.0-20190404232315-eb5bcb51f2a3/go.mod h1:t9HGtf8HONx5eT2rtn7q6eTqICYqUVnKs3thJo3Qplg=
golang.org/x/net v0.0.0-20190620200207-3b0461eec859/go.mod h1:z5CRVTTTmAJ677TzLLGU+0bjPO0LkuOLi4/5GtJWs/s=
golang.org/x/net v0.0.0-20200226121028-0de0cce0169b/go.mod h1:z5CRVTTTmAJ677TzLLGU+0bjPO0LkuOLi4/5GtJWs/s=
golang.org/x/net v0.0.0-20201021035429-f5854403a974/go.mod h1:sp8m0HH+o8qH0wwXwYZr8TS3Oi6o0r6Gce1SSxlDquU=
golang.org/x/net v0.55.0 h1:bcvxaJn3e1U6InsFWt1JUq1aSjnRxLzT2rtD2KfkDF8=
golang.org/x/net v0.55.0/go.mod h1:L5U2KuzuOe1lY7Z+aWVIKK6qEeJXnXV9yzGA+WCHJww=
golang.org/x/sync v0.0.0-20190423024810-112230192c58/go.mod h1:RxMgew5VJxzue5/jJTE5uejpjVlOe/izrB70Jof72aM=
golang.org/x/sync v0.0.0-20190911185100-cd5d95a43a6e/go.mod h1:RxMgew5VJxzue5/jJTE5uejpjVlOe/izrB70Jof72aM=
golang.org/x/sync v0.0.0-20201020160332-67f06af15bc9/go.mod h1:RxMgew5VJxzue5/jJTE5uejpjVlOe/izrB70Jof72aM=
golang.org/x/sync v0.20.0 h1:e0PTpb7pjO8GAtTs2dQ6jYa5BWYlMuX047Dco/pItO4=
golang.org/x/sync v0.20.0/go.mod h1:9xrNwdLfx4jkKbNva9FpL6vEN7evnE43NNNJQ2LF3+0=
golang.org/x/sys v0.0.0-20190215142949-d0b11bdaac8a/go.mod h1:STP8DvDyc/dI5b8T5hshtkjS+E42TnysNCUPdjciGhY=
golang.org/x/sys v0.0.0-20190412213103-97732733099d/go.mod h1:h1NjWce9XRLGQEsW7wpKNCjG9DtNlClVuFLEZdDNbEs=
golang.org/x/sys v0.0.0-20200930185726-fdedc70b468f/go.mod h1:h1NjWce9XRLGQEsW7wpKNCjG9DtNlClVuFLEZdDNbEs=
golang.org/x/sys v0.45.0 h1:dO4czNzziLiiXplLQgBCEpCvXQ3dnkn0SdaZSYdQ+FY=
golang.org/x/sys v0.45.0/go.mod h1:4GL1E5IUh+htKOUEOaiffhrAeqysfVGipDYzABqnCmw=
golang.org/x/text v0.3.0/go.mod h1:NqM8EUOU14njkJ3fqMW+pc6Ldnwhi/IjpwHt7yyuwOQ=
golang.org/x/text v0.3.3/go.mod h1:5Zoc/QRtKVWzQhOtBMvqHzDpF6irO9z98xDceosuGiQ=
golang.org/x/text v0.37.0 h1:Cqjiwd9eSg8e0QAkyCaQTNHFIIzWtidPahFWR83rTrc=
golang.org/x/text v0.37.0/go.mod h1:a5sjxXGs9hsn/AJVwuElvCAo9v8QYLzvavO5z2PiM38=
golang.org/x/tools v0.0.0-20180917221912-90fa682c2a6e/go.mod h1:n7NCudcB/nEzxVGmLbDWY5pfWTLqBcC2KZ6jyYvM4mQ=
golang.org/x/tools v0.0.0-20191119224855-298f0cb1881e/go.mod h1:b+2E5dAYhXwXZwtnZ6UAqBI28+e2cm9otk0dWdXHAEo=
golang.org/x/tools v0.0.0-20200130002326-2f3ba24bd6e7/go.mod h1:TB2adYChydJhpapKDTa4BR/hXlZSLoq2Wpct/0txZ28=
golang.org/x/tools v0.0.0-20200619180055-7c47624df98f/go.mod h1:EkVYQZoAsY45+roYkvgYkIh4xh/qjgUK9TdY2XT94GE=
golang.org/x/tools v0.0.0-20210106214847-113979e3529a/go.mod h1:emZCQorbCU4vsT4fOWvOPXz4eW1wZW4PmDk9uLelYpA=
golang.org/x/tools v0.44.0 h1:UP4ajHPIcuMjT1GqzDWRlalUEoY+uzoZKnhOjbIPD2c=
golang.org/x/tools v0.44.0/go.mod h1:KA0AfVErSdxRZIsOVipbv3rQhVXTnlU6UhKxHd1seDI=
golang.org/x/tools/go/expect v0.1.1-deprecated h1:jpBZDwmgPhXsKZC6WhL20P4b/wmnpsEAGHaNy0n/rJM=
golang.org/x/tools/go/expect v0.1.1-deprecated/go.mod h1:eihoPOH+FgIqa3FpoTwguz/bVUSGBlGQU67vpBeOrBY=
golang.org/x/xerrors v0.0.0-20190717185122-a985d3407aa7/go.mod h1:I/5z698sn9Ka8TeJc9MKroUUfqBBauWjQqLJ2OPfmY0=
golang.org/x/xerrors v0.0.0-20191011141410-1b5146add898/go.mod h1:I/5z698sn9Ka8TeJc9MKroUUfqBBauWjQqLJ2OPfmY0=
golang.org/x/xerrors v0.0.0-20191204190536-9bdfabe68543/go.mod h1:I/5z698sn9Ka8TeJc9MKroUUfqBBauWjQqLJ2OPfmY0=
golang.org/x/xerrors v0.0.0-20200804184101-5ec99f83aff1/go.mod h1:I/5z698sn9Ka8TeJc9MKroUUfqBBauWjQqLJ2OPfmY0=
gopkg.in/check.v1 v0.0.0-20161208181325-20d25e280405/go.mod h1:Co6ibVJAznAaIkqp8huTwlJQCZ016jof/cbN4VW5Yz0=
gopkg.in/check.v1 v1.0.0-20201130134442-10cb98267c6c h1:Hei/4ADfdWqJk1ZMxUNpqntNwaWcugrBjAiHlqqRiVk=
gopkg.in/check.v1 v1.0.0-20201130134442-10cb98267c6c/go.mod h1:JHkPIbrfpd72SG/EVd6muEfDQjcINNoR0C8j2r3qZ4Q=
gopkg.in/ini.v1 v1.67.2 h1:JtOSMb9OuaCZKr7h5D/h6iii14sK0hLbplTc6frx4Ss=
gopkg.in/ini.v1 v1.67.2/go.mod h1:x/cyOwCgZqOkJoDIJ3c1KNHMo10+nLGAhh+kn3Zizss=
gopkg.in/yaml.v3 v3.0.0-20200313102051-9f266ea9e77c/go.mod h1:K4uyk7z7BCEPqu6E+C64Yfv1cQ7kz7rIZviUmN+EgEM=
gopkg.in/yaml.v3 v3.0.1 h1:fxVm/GzAzEWqLHuvctI91KS9hhNmmWOoWu0XTYJS7CA=
gopkg.in/yaml.v3 v3.0.1/go.mod h1:K4uyk7z7BCEPqu6E+C64Yfv1cQ7kz7rIZviUmN+EgEM=
honnef.co/go/tools v0.7.0 h1:w6WUp1VbkqPEgLz4rkBzH/CSU6HkoqNLp6GstyTx3lU=
honnef.co/go/tools v0.7.0/go.mod h1:pm29oPxeP3P82ISxZDgIYeOaf9ta6Pi0EWvCFoLG2vc=
